
Microsoft Visual Studio Solution File, Format Version 12.00
# Visual Studio Version 16
VisualStudioVersion = 16.0.29123.88
MinimumVisualStudioVersion = 10.0.40219.1
Project("{FAE04EC0-301F-11D3-BF4B-00C04F79EFBC}") = "TodoApi", "TodoApi.csproj", "{D6DB9303-EC03-4CB2-A186-5C7ED3E017EC}"
EndProject
Global
	GlobalSection(SolutionConfigurationPlatforms) = preSolution
		Debug|Any CPU = Debug|Any CPU
		Release|Any CPU = Release|Any CPU
	EndGlobalSection
	GlobalSection(ProjectConfigurationPlatforms) = postSolution
		{D6DB9303-EC03-4CB2-A186-5C7ED3E017EC}.Debug|Any CPU.ActiveCfg = Debug|Any CPU
		{D6DB9303-EC03-4CB2-A186-5C7ED3E017EC}.Debug|Any CPU.Build.0 = Debug|Any CPU
		{D6DB9303-EC03-4CB2-A186-5C7ED3E017EC}.Release|Any CPU.ActiveCfg = Release|Any CPU
		{D6DB9303-EC03-4CB2-A186-5C7ED3E017EC}.Release|Any CPU.Build.0 = Release|Any CPU
	EndGlobalSection
	GlobalSection(SolutionProperties) = preSolution
		HideSolutionNode = FALSE
	EndGlobalSection
	GlobalSection(ExtensibilityGlobals) = postSolution
		SolutionGuid = {C1E41B07-6A90-4DE4-84F2-20991A8B7F34}
	EndGlobalSection
EndGlobal
